
Microsoft Visual Studio Solution File, Format Version 12.00
# Visual Studio 15
VisualStudioVersion = 15.0.27130.2020
MinimumVisualStudioVersion = 10.0.40219.1
Project("{8BC9CEB8-8B4A-11D0-8D11-00A0C91BC942}") = "Miskiewicz_Rafal_labolatorium_7_01", "Miskiewicz_Rafal_labolatorium_7_01\Miskiewicz_Rafal_labolatorium_7_01.vcxproj", "{64D0F957-CD52-4463-ACDE-0A0FAC7532DD}"
EndProject
Global
	GlobalSection(SolutionConfigurationPlatforms) = preSolution
		Debug|x64 = Debug|x64
		Debug|x86 = Debug|x86
		Release|x64 = Release|x64
		Release|x86 = Release|x86
	EndGlobalSection
	GlobalSection(ProjectConfigurationPlatforms) = postSolution
		{64D0F957-CD52-4463-ACDE-0A0FAC7532DD}.Debug|x64.ActiveCfg = Debug|x64
		{64D0F957-CD52-4463-ACDE-0A0FAC7532DD}.Debug|x64.Build.0 = Debug|x64
		{64D0F957-CD52-4463-ACDE-0A0FAC7532DD}.Debug|x86.ActiveCfg = Debug|Win32
		{64D0F957-CD52-4463-ACDE-0A0FAC7532DD}.Debug|x86.Build.0 = Debug|Win32
		{64D0F957-CD52-4463-ACDE-0A0FAC7532DD}.Release|x64.ActiveCfg = Release|x64
		{64D0F957-CD52-4463-ACDE-0A0FAC7532DD}.Release|x64.Build.0 = Release|x64
		{64D0F957-CD52-4463-ACDE-0A0FAC7532DD}.Release|x86.ActiveCfg = Release|Win32
		{64D0F957-CD52-4463-ACDE-0A0FAC7532DD}.Release|x86.Build.0 = Release|Win32
	EndGlobalSection
	GlobalSection(SolutionProperties) = preSolution
		HideSolutionNode = FALSE
	EndGlobalSection
	GlobalSection(ExtensibilityGlobals) = postSolution
		SolutionGuid = {F8D04D52-D669-4E53-97DD-1F11CCBB4289}
	EndGlobalSection
EndGlobal
